// !$*UTF8*$!
{
	archiveVersion = 1;
	classes = {
	};
	objectVersion = 55;
	objects = {

/* Begin PBXBuildFile section */
		6A6ADF29275E1F3600AC6237 /* AppDelegate.swift in Sources */ = {isa = PBXBuildFile; fileRef = 6A6ADF28275E1F3600AC6237 /* AppDelegate.swift */; };
		6A6ADF2B275E1F3600AC6237 /* SceneDelegate.swift in Sources */ = {isa = PBXBuildFile; fileRef = 6A6ADF2A275E1F3600AC6237 /* SceneDelegate.swift */; };
		6A6ADF2D275E1F3600AC6237 /* SplashViewController.swift in Sources */ = {isa = PBXBuildFile; fileRef = 6A6ADF2C275E1F3600AC6237 /* SplashViewController.swift */; };
		6A6ADF30275E1F3600AC6237 /* Main.storyboard in Resources */ = {isa = PBXBuildFile; fileRef = 6A6ADF2E275E1F3600AC6237 /* Main.storyboard */; };
		6A6ADF32275E1F3800AC6237 /* Assets.xcassets in Resources */ = {isa = PBXBuildFile; fileRef = 6A6ADF31275E1F3800AC6237 /* Assets.xcassets */; };
		6A6ADF35275E1F3800AC6237 /* LaunchScreen.storyboard in Resources */ = {isa = PBXBuildFile; fileRef = 6A6ADF33275E1F3800AC6237 /* LaunchScreen.storyboard */; };
		6A6ADF49275E258B00AC6237 /* close.png in Resources */ = {isa = PBXBuildFile; fileRef = 6A6ADF43275E258B00AC6237 /* close.png */; };
		6A6ADF4A275E258B00AC6237 /* playBtn.png in Resources */ = {isa = PBXBuildFile; fileRef = 6A6ADF44275E258B00AC6237 /* playBtn.png */; };
		6A6ADF4B275E258B00AC6237 /* SplashScreen.png in Resources */ = {isa = PBXBuildFile; fileRef = 6A6ADF45275E258B00AC6237 /* SplashScreen.png */; };
		6A6ADF4C275E258B00AC6237 /* default_picture.jpg in Resources */ = {isa = PBXBuildFile; fileRef = 6A6ADF46275E258B00AC6237 /* default_picture.jpg */; };
		6A6ADF4D275E258B00AC6237 /* HeaderImg.png in Resources */ = {isa = PBXBuildFile; fileRef = 6A6ADF47275E258B00AC6237 /* HeaderImg.png */; };
		6A6ADF4E275E258B00AC6237 /* serieICO.jpg in Resources */ = {isa = PBXBuildFile; fileRef = 6A6ADF48275E258B00AC6237 /* serieICO.jpg */; };
		6A6ADF50275E25F300AC6237 /* AppCoordinator.swift in Sources */ = {isa = PBXBuildFile; fileRef = 6A6ADF4F275E25F300AC6237 /* AppCoordinator.swift */; };
		6A6ADF52275E261A00AC6237 /* SplashCoordinator.swift in Sources */ = {isa = PBXBuildFile; fileRef = 6A6ADF51275E261A00AC6237 /* SplashCoordinator.swift */; };
		6A6ADF54275E268700AC6237 /* ProgrammeListCoordinator.swift in Sources */ = {isa = PBXBuildFile; fileRef = 6A6ADF53275E268700AC6237 /* ProgrammeListCoordinator.swift */; };
		6A6ADF56275E26D900AC6237 /* ProgrammeModel.swift in Sources */ = {isa = PBXBuildFile; fileRef = 6A6ADF55275E26D900AC6237 /* ProgrammeModel.swift */; };
		6A6ADF58275E26EB00AC6237 /* ListProgrammeModel.swift in Sources */ = {isa = PBXBuildFile; fileRef = 6A6ADF57275E26EB00AC6237 /* ListProgrammeModel.swift */; };
		6A6ADF5A275E275000AC6237 /* ListProgrammesVM.swift in Sources */ = {isa = PBXBuildFile; fileRef = 6A6ADF59275E275000AC6237 /* ListProgrammesVM.swift */; };
		6A6ADF5C275E282D00AC6237 /* ListProgrammesVC.swift in Sources */ = {isa = PBXBuildFile; fileRef = 6A6ADF5B275E282D00AC6237 /* ListProgrammesVC.swift */; };
		6A6ADF5F275E286300AC6237 /* ProgrammeCell.swift in Sources */ = {isa = PBXBuildFile; fileRef = 6A6ADF5E275E286300AC6237 /* ProgrammeCell.swift */; };
		6A6ADF61275E28AC00AC6237 /* UIView.swift in Sources */ = {isa = PBXBuildFile; fileRef = 6A6ADF60275E28AC00AC6237 /* UIView.swift */; };
		6A6ADF64275E290200AC6237 /* ListProgrammesVC+Collection.swift in Sources */ = {isa = PBXBuildFile; fileRef = 6A6ADF63275E290200AC6237 /* ListProgrammesVC+Collection.swift */; };
		6A6ADF66275E291100AC6237 /* ListProgrammesVC+SearchBar.swift in Sources */ = {isa = PBXBuildFile; fileRef = 6A6ADF65275E291100AC6237 /* ListProgrammesVC+SearchBar.swift */; };
		6A6ADF6A275E29B500AC6237 /* ApiAppUrls.swift in Sources */ = {isa = PBXBuildFile; fileRef = 6A6ADF69275E29B500AC6237 /* ApiAppUrls.swift */; };
		6A6ADF6C275E29E900AC6237 /* UIImageView.swift in Sources */ = {isa = PBXBuildFile; fileRef = 6A6ADF6B275E29E900AC6237 /* UIImageView.swift */; };
		6A6ADF6E275E2A3900AC6237 /* ProgrammeService.swift in Sources */ = {isa = PBXBuildFile; fileRef = 6A6ADF6D275E2A3900AC6237 /* ProgrammeService.swift */; };
		6A6ADF70275E2A5200AC6237 /* ProgrammeServiceProtocol.swift in Sources */ = {isa = PBXBuildFile; fileRef = 6A6ADF6F275E2A5200AC6237 /* ProgrammeServiceProtocol.swift */; };
		6A6ADF80275E364500AC6237 /* ProgrammeServicesMock.swift in Sources */ = {isa = PBXBuildFile; fileRef = 6A6ADF7F275E364500AC6237 /* ProgrammeServicesMock.swift */; };
		6A6ADF83275E36C200AC6237 /* ListProgrammeUc.swift in Sources */ = {isa = PBXBuildFile; fileRef = 6A6ADF82275E36C200AC6237 /* ListProgrammeUc.swift */; };
		6A6ADF85275E414B00AC6237 /* ProgrammeDetailsVM.swift in Sources */ = {isa = PBXBuildFile; fileRef = 6A6ADF84275E414B00AC6237 /* ProgrammeDetailsVM.swift */; };
		6A6ADF87275E417800AC6237 /* ProgrammeDetailsCoordinator.swift in Sources */ = {isa = PBXBuildFile; fileRef = 6A6ADF86275E417800AC6237 /* ProgrammeDetailsCoordinator.swift */; };
		6A6ADF8A275E41A900AC6237 /* ProgrammeDetailsVC.swift in Sources */ = {isa = PBXBuildFile; fileRef = 6A6ADF89275E41A900AC6237 /* ProgrammeDetailsVC.swift */; };
		6A6ADF8C275E422C00AC6237 /* ProgrammeModelDetails.swift in Sources */ = {isa = PBXBuildFile; fileRef = 6A6ADF8B275E422C00AC6237 /* ProgrammeModelDetails.swift */; };
		6A6ADF8F275E566F00AC6237 /* ProgrammeDetailsUseCase.swift in Sources */ = {isa = PBXBuildFile; fileRef = 6A6ADF8E275E566F00AC6237 /* ProgrammeDetailsUseCase.swift */; };
/* End PBXBuildFile section */

/* Begin PBXContainerItemProxy section */
		6A6ADF79275E362100AC6237 /* PBXContainerItemProxy */ = {
			isa = PBXContainerItemProxy;
			containerPortal = 6A6ADF1D275E1F3600AC6237 /* Project object */;
			proxyType = 1;
			remoteGlobalIDString = 6A6ADF24275E1F3600AC6237;
			remoteInfo = OrangePTV;
		};
/* End PBXContainerItemProxy section */

/* Begin PBXFileReference section */
		6A6ADF25275E1F3600AC6237 /* OrangePTV.app */ = {isa = PBXFileReference; explicitFileType = wrapper.application; includeInIndex = 0; path = OrangePTV.app; sourceTree = BUILT_PRODUCTS_DIR; };
		6A6ADF28275E1F3600AC6237 /* AppDelegate.swift */ = {isa = PBXFileReference; lastKnownFileType = sourcecode.swift; path = AppDelegate.swift; sourceTree = "<group>"; };
		6A6ADF2A275E1F3600AC6237 /* SceneDelegate.swift */ = {isa = PBXFileReference; lastKnownFileType = sourcecode.swift; path = SceneDelegate.swift; sourceTree = "<group>"; };
		6A6ADF2C275E1F3600AC6237 /* SplashViewController.swift */ = {isa = PBXFileReference; lastKnownFileType = sourcecode.swift; path = SplashViewController.swift; sourceTree = "<group>"; };
		6A6ADF2F275E1F3600AC6237 /* Base */ = {isa = PBXFileReference; lastKnownFileType = file.storyboard; name = Base; path = Base.lproj/Main.storyboard; sourceTree = "<group>"; };
		6A6ADF31275E1F3800AC6237 /* Assets.xcassets */ = {isa = PBXFileReference; lastKnownFileType = folder.assetcatalog; path = Assets.xcassets; sourceTree = "<group>"; };
		6A6ADF34275E1F3800AC6237 /* Base */ = {isa = PBXFileReference; lastKnownFileType = file.storyboard; name = Base; path = Base.lproj/LaunchScreen.storyboard; sourceTree = "<group>"; };
		6A6ADF36275E1F3800AC6237 /* Info.plist */ = {isa = PBXFileReference; lastKnownFileType = text.plist.xml; path = Info.plist; sourceTree = "<group>"; };
		6A6ADF43275E258B00AC6237 /* close.png */ = {isa = PBXFileReference; lastKnownFileType = image.png; path = close.png; sourceTree = "<group>"; };
		6A6ADF44275E258B00AC6237 /* playBtn.png */ = {isa = PBXFileReference; lastKnownFileType = image.png; path = playBtn.png; sourceTree = "<group>"; };
		6A6ADF45275E258B00AC6237 /* SplashScreen.png */ = {isa = PBXFileReference; lastKnownFileType = image.png; path = SplashScreen.png; sourceTree = "<group>"; };
		6A6ADF46275E258B00AC6237 /* default_picture.jpg */ = {isa = PBXFileReference; lastKnownFileType = image.jpeg; path = default_picture.jpg; sourceTree = "<group>"; };
		6A6ADF47275E258B00AC6237 /* HeaderImg.png */ = {isa = PBXFileReference; lastKnownFileType = image.png; path = HeaderImg.png; sourceTree = "<group>"; };
		6A6ADF48275E258B00AC6237 /* serieICO.jpg */ = {isa = PBXFileReference; lastKnownFileType = image.jpeg; path = serieICO.jpg; sourceTree = "<group>"; };
		6A6ADF4F275E25F300AC6237 /* AppCoordinator.swift */ = {isa = PBXFileReference; lastKnownFileType = sourcecode.swift; path = AppCoordinator.swift; sourceTree = "<group>"; };
		6A6ADF51275E261A00AC6237 /* SplashCoordinator.swift */ = {isa = PBXFileReference; lastKnownFileType = sourcecode.swift; path = SplashCoordinator.swift; sourceTree = "<group>"; };
		6A6ADF53275E268700AC6237 /* ProgrammeListCoordinator.swift */ = {isa = PBXFileReference; lastKnownFileType = sourcecode.swift; path = ProgrammeListCoordinator.swift; sourceTree = "<group>"; };
		6A6ADF55275E26D900AC6237 /* ProgrammeModel.swift */ = {isa = PBXFileReference; lastKnownFileType = sourcecode.swift; path = ProgrammeModel.swift; sourceTree = "<group>"; };
		6A6ADF57275E26EB00AC6237 /* ListProgrammeModel.swift */ = {isa = PBXFileReference; lastKnownFileType = sourcecode.swift; path = ListProgrammeModel.swift; sourceTree = "<group>"; };
		6A6ADF59275E275000AC6237 /* ListProgrammesVM.swift */ = {isa = PBXFileReference; lastKnownFileType = sourcecode.swift; path = ListProgrammesVM.swift; sourceTree = "<group>"; };
		6A6ADF5B275E282D00AC6237 /* ListProgrammesVC.swift */ = {isa = PBXFileReference; lastKnownFileType = sourcecode.swift; path = ListProgrammesVC.swift; sourceTree = "<group>"; };
		6A6ADF5E275E286300AC6237 /* ProgrammeCell.swift */ = {isa = PBXFileReference; lastKnownFileType = sourcecode.swift; path = ProgrammeCell.swift; sourceTree = "<group>"; };
		6A6ADF60275E28AC00AC6237 /* UIView.swift */ = {isa = PBXFileReference; lastKnownFileType = sourcecode.swift; path = UIView.swift; sourceTree = "<group>"; };
		6A6ADF63275E290200AC6237 /* ListProgrammesVC+Collection.swift */ = {isa = PBXFileReference; lastKnownFileType = sourcecode.swift; path = "ListProgrammesVC+Collection.swift"; sourceTree = "<group>"; };
		6A6ADF65275E291100AC6237 /* ListProgrammesVC+SearchBar.swift */ = {isa = PBXFileReference; lastKnownFileType = sourcecode.swift; path = "ListProgrammesVC+SearchBar.swift"; sourceTree = "<group>"; };
		6A6ADF69275E29B500AC6237 /* ApiAppUrls.swift */ = {isa = PBXFileReference; lastKnownFileType = sourcecode.swift; path = ApiAppUrls.swift; sourceTree = "<group>"; };
		6A6ADF6B275E29E900AC6237 /* UIImageView.swift */ = {isa = PBXFileReference; lastKnownFileType = sourcecode.swift; path = UIImageView.swift; sourceTree = "<group>"; };
		6A6ADF6D275E2A3900AC6237 /* ProgrammeService.swift */ = {isa = PBXFileReference; lastKnownFileType = sourcecode.swift; path = ProgrammeService.swift; sourceTree = "<group>"; };
		6A6ADF6F275E2A5200AC6237 /* ProgrammeServiceProtocol.swift */ = {isa = PBXFileReference; lastKnownFileType = sourcecode.swift; path = ProgrammeServiceProtocol.swift; sourceTree = "<group>"; };
		6A6ADF75275E362100AC6237 /* OrangePTVTests.xctest */ = {isa = PBXFileReference; explicitFileType = wrapper.cfbundle; includeInIndex = 0; path = OrangePTVTests.xctest; sourceTree = BUILT_PRODUCTS_DIR; };
		6A6ADF7F275E364500AC6237 /* ProgrammeServicesMock.swift */ = {isa = PBXFileReference; lastKnownFileType = sourcecode.swift; path = ProgrammeServicesMock.swift; sourceTree = "<group>"; };
		6A6ADF82275E36C200AC6237 /* ListProgrammeUc.swift */ = {isa = PBXFileReference; lastKnownFileType = sourcecode.swift; path = ListProgrammeUc.swift; sourceTree = "<group>"; };
		6A6ADF84275E414B00AC6237 /* ProgrammeDetailsVM.swift */ = {isa = PBXFileReference; lastKnownFileType = sourcecode.swift; path = ProgrammeDetailsVM.swift; sourceTree = "<group>"; };
		6A6ADF86275E417800AC6237 /* ProgrammeDetailsCoordinator.swift */ = {isa = PBXFileReference; lastKnownFileType = sourcecode.swift; path = ProgrammeDetailsCoordinator.swift; sourceTree = "<group>"; };
		6A6ADF89275E41A900AC6237 /* ProgrammeDetailsVC.swift */ = {isa = PBXFileReference; lastKnownFileType = sourcecode.swift; path = ProgrammeDetailsVC.swift; sourceTree = "<group>"; };
		6A6ADF8B275E422C00AC6237 /* ProgrammeModelDetails.swift */ = {isa = PBXFileReference; lastKnownFileType = sourcecode.swift; path = ProgrammeModelDetails.swift; sourceTree = "<group>"; };
		6A6ADF8E275E566F00AC6237 /* ProgrammeDetailsUseCase.swift */ = {isa = PBXFileReference; lastKnownFileType = sourcecode.swift; path = ProgrammeDetailsUseCase.swift; sourceTree = "<group>"; };
/* End PBXFileReference section */

/* Begin PBXFrameworksBuildPhase section */
		6A6ADF22275E1F3600AC6237 /* Frameworks */ = {
			isa = PBXFrameworksBuildPhase;
			buildActionMask = 2147483647;
			files = (
			);
			runOnlyForDeploymentPostprocessing = 0;
		};
		6A6ADF72275E362100AC6237 /* Frameworks */ = {
			isa = PBXFrameworksBuildPhase;
			buildActionMask = 2147483647;
			files = (
			);
			runOnlyForDeploymentPostprocessing = 0;
		};
/* End PBXFrameworksBuildPhase section */

/* Begin PBXGroup section */
		6A6ADF1C275E1F3600AC6237 = {
			isa = PBXGroup;
			children = (
				6A6ADF27275E1F3600AC6237 /* OrangePTV */,
				6A6ADF76275E362100AC6237 /* OrangePTVTests */,
				6A6ADF26275E1F3600AC6237 /* Products */,
			);
			sourceTree = "<group>";
		};
		6A6ADF26275E1F3600AC6237 /* Products */ = {
			isa = PBXGroup;
			children = (
				6A6ADF25275E1F3600AC6237 /* OrangePTV.app */,
				6A6ADF75275E362100AC6237 /* OrangePTVTests.xctest */,
			);
			name = Products;
			sourceTree = "<group>";
		};
		6A6ADF27275E1F3600AC6237 /* OrangePTV */ = {
			isa = PBXGroup;
			children = (
				6A6ADF42275E245A00AC6237 /* Views */,
				6A6ADF41275E244A00AC6237 /* ViewModels */,
				6A6ADF40275E243500AC6237 /* Models */,
				6A6ADF3F275E242A00AC6237 /* Coordinators */,
				6A6ADF3E275E242100AC6237 /* Extensions */,
				6A6ADF3D275E241800AC6237 /* Services */,
				6A6ADF28275E1F3600AC6237 /* AppDelegate.swift */,
				6A6ADF2A275E1F3600AC6237 /* SceneDelegate.swift */,
				6A6ADF2E275E1F3600AC6237 /* Main.storyboard */,
				6A6ADF31275E1F3800AC6237 /* Assets.xcassets */,
				6A6ADF33275E1F3800AC6237 /* LaunchScreen.storyboard */,
				6A6ADF36275E1F3800AC6237 /* Info.plist */,
			);
			path = OrangePTV;
			sourceTree = "<group>";
		};
		6A6ADF3C275E240D00AC6237 /* Ressources */ = {
			isa = PBXGroup;
			children = (
				6A6ADF43275E258B00AC6237 /* close.png */,
				6A6ADF46275E258B00AC6237 /* default_picture.jpg */,
				6A6ADF47275E258B00AC6237 /* HeaderImg.png */,
				6A6ADF44275E258B00AC6237 /* playBtn.png */,
				6A6ADF48275E258B00AC6237 /* serieICO.jpg */,
				6A6ADF45275E258B00AC6237 /* SplashScreen.png */,
			);
			path = Ressources;
			sourceTree = "<group>";
		};
		6A6ADF3D275E241800AC6237 /* Services */ = {
			isa = PBXGroup;
			children = (
				6A6ADF69275E29B500AC6237 /* ApiAppUrls.swift */,
				6A6ADF6D275E2A3900AC6237 /* ProgrammeService.swift */,
				6A6ADF6F275E2A5200AC6237 /* ProgrammeServiceProtocol.swift */,
			);
			path = Services;
			sourceTree = "<group>";
		};
		6A6ADF3E275E242100AC6237 /* Extensions */ = {
			isa = PBXGroup;
			children = (
				6A6ADF60275E28AC00AC6237 /* UIView.swift */,
				6A6ADF6B275E29E900AC6237 /* UIImageView.swift */,
			);
			path = Extensions;
			sourceTree = "<group>";
		};
		6A6ADF3F275E242A00AC6237 /* Coordinators */ = {
			isa = PBXGroup;
			children = (
				6A6ADF4F275E25F300AC6237 /* AppCoordinator.swift */,
				6A6ADF51275E261A00AC6237 /* SplashCoordinator.swift */,
				6A6ADF53275E268700AC6237 /* ProgrammeListCoordinator.swift */,
				6A6ADF86275E417800AC6237 /* ProgrammeDetailsCoordinator.swift */,
			);
			path = Coordinators;
			sourceTree = "<group>";
		};
		6A6ADF40275E243500AC6237 /* Models */ = {
			isa = PBXGroup;
			children = (
				6A6ADF55275E26D900AC6237 /* ProgrammeModel.swift */,
				6A6ADF57275E26EB00AC6237 /* ListProgrammeModel.swift */,
				6A6ADF8B275E422C00AC6237 /* ProgrammeModelDetails.swift */,
			);
			path = Models;
			sourceTree = "<group>";
		};
		6A6ADF41275E244A00AC6237 /* ViewModels */ = {
			isa = PBXGroup;
			children = (
				6A6ADF59275E275000AC6237 /* ListProgrammesVM.swift */,
				6A6ADF84275E414B00AC6237 /* ProgrammeDetailsVM.swift */,
			);
			path = ViewModels;
			sourceTree = "<group>";
		};
		6A6ADF42275E245A00AC6237 /* Views */ = {
			isa = PBXGroup;
			children = (
				6A6ADF88275E419800AC6237 /* ProgrammeDetailsVC */,
				6A6ADF3C275E240D00AC6237 /* Ressources */,
				6A6ADF68275E293000AC6237 /* SplashScreen */,
				6A6ADF67275E291900AC6237 /* ListProgrammesVC */,
			);
			path = Views;
			sourceTree = "<group>";
		};
		6A6ADF5D275E284700AC6237 /* Cells */ = {
			isa = PBXGroup;
			children = (
				6A6ADF5E275E286300AC6237 /* ProgrammeCell.swift */,
			);
			path = Cells;
			sourceTree = "<group>";
		};
		6A6ADF62275E28F100AC6237 /* Extensions */ = {
			isa = PBXGroup;
			children = (
				6A6ADF63275E290200AC6237 /* ListProgrammesVC+Collection.swift */,
				6A6ADF65275E291100AC6237 /* ListProgrammesVC+SearchBar.swift */,
			);
			path = Extensions;
			sourceTree = "<group>";
		};
		6A6ADF67275E291900AC6237 /* ListProgrammesVC */ = {
			isa = PBXGroup;
			children = (
				6A6ADF62275E28F100AC6237 /* Extensions */,
				6A6ADF5D275E284700AC6237 /* Cells */,
				6A6ADF5B275E282D00AC6237 /* ListProgrammesVC.swift */,
			);
			path = ListProgrammesVC;
			sourceTree = "<group>";
		};
		6A6ADF68275E293000AC6237 /* SplashScreen */ = {
			isa = PBXGroup;
			children = (
				6A6ADF2C275E1F3600AC6237 /* SplashViewController.swift */,
			);
			path = SplashScreen;
			sourceTree = "<group>";
		};
		6A6ADF76275E362100AC6237 /* OrangePTVTests */ = {
			isa = PBXGroup;
			children = (
				6A6ADF8D275E55FF00AC6237 /* ProgrammeDetailsUseCase */,
				6A6ADF81275E369E00AC6237 /* ListProgrammesUseCase */,
				6A6ADF7E275E362A00AC6237 /* Mocks */,
			);
			path = OrangePTVTests;
			sourceTree = "<group>";
		};
		6A6ADF7E275E362A00AC6237 /* Mocks */ = {
			isa = PBXGroup;
			children = (
				6A6ADF7F275E364500AC6237 /* ProgrammeServicesMock.swift */,
			);
			path = Mocks;
			sourceTree = "<group>";
		};
		6A6ADF81275E369E00AC6237 /* ListProgrammesUseCase */ = {
			isa = PBXGroup;
			children = (
				6A6ADF82275E36C200AC6237 /* ListProgrammeUc.swift */,
			);
			path = ListProgrammesUseCase;
			sourceTree = "<group>";
		};
		6A6ADF88275E419800AC6237 /* ProgrammeDetailsVC */ = {
			isa = PBXGroup;
			children = (
				6A6ADF89275E41A900AC6237 /* ProgrammeDetailsVC.swift */,
			);
			path = ProgrammeDetailsVC;
			sourceTree = "<group>";
		};
		6A6ADF8D275E55FF00AC6237 /* ProgrammeDetailsUseCase */ = {
			isa = PBXGroup;
			children = (
				6A6ADF8E275E566F00AC6237 /* ProgrammeDetailsUseCase.swift */,
			);
			path = ProgrammeDetailsUseCase;
			sourceTree = "<group>";
		};
/* End PBXGroup section */

/* Begin PBXNativeTarget section */
		6A6ADF24275E1F3600AC6237 /* OrangePTV */ = {
			isa = PBXNativeTarget;
			buildConfigurationList = 6A6ADF39275E1F3800AC6237 /* Build configuration list for PBXNativeTarget "OrangePTV" */;
			buildPhases = (
				6A6ADF21275E1F3600AC6237 /* Sources */,
				6A6ADF22275E1F3600AC6237 /* Frameworks */,
				6A6ADF23275E1F3600AC6237 /* Resources */,
			);
			buildRules = (
			);
			dependencies = (
			);
			name = OrangePTV;
			productName = OrangePTV;
			productReference = 6A6ADF25275E1F3600AC6237 /* OrangePTV.app */;
			productType = "com.apple.product-type.application";
		};
		6A6ADF74275E362100AC6237 /* OrangePTVTests */ = {
			isa = PBXNativeTarget;
			buildConfigurationList = 6A6ADF7B275E362100AC6237 /* Build configuration list for PBXNativeTarget "OrangePTVTests" */;
			buildPhases = (
				6A6ADF71275E362100AC6237 /* Sources */,
				6A6ADF72275E362100AC6237 /* Frameworks */,
				6A6ADF73275E362100AC6237 /* Resources */,
			);
			buildRules = (
			);
			dependencies = (
				6A6ADF7A275E362100AC6237 /* PBXTargetDependency */,
			);
			name = OrangePTVTests;
			productName = OrangePTVTests;
			productReference = 6A6ADF75275E362100AC6237 /* OrangePTVTests.xctest */;
			productType = "com.apple.product-type.bundle.unit-test";
		};
/* End PBXNativeTarget section */

/* Begin PBXProject section */
		6A6ADF1D275E1F3600AC6237 /* Project object */ = {
			isa = PBXProject;
			attributes = {
				BuildIndependentTargetsInParallel = 1;
				LastSwiftUpdateCheck = 1300;
				LastUpgradeCheck = 1300;
				TargetAttributes = {
					6A6ADF24275E1F3600AC6237 = {
						CreatedOnToolsVersion = 13.0;
					};
					6A6ADF74275E362100AC6237 = {
						CreatedOnToolsVersion = 13.0;
						TestTargetID = 6A6ADF24275E1F3600AC6237;
					};
				};
			};
			buildConfigurationList = 6A6ADF20275E1F3600AC6237 /* Build configuration list for PBXProject "OrangePTV" */;
			compatibilityVersion = "Xcode 13.0";
			developmentRegion = en;
			hasScannedForEncodings = 0;
			knownRegions = (
				en,
				Base,
			);
			mainGroup = 6A6ADF1C275E1F3600AC6237;
			productRefGroup = 6A6ADF26275E1F3600AC6237 /* Products */;
			projectDirPath = "";
			projectRoot = "";
			targets = (
				6A6ADF24275E1F3600AC6237 /* OrangePTV */,
				6A6ADF74275E362100AC6237 /* OrangePTVTests */,
			);
		};
/* End PBXProject section */

/* Begin PBXResourcesBuildPhase section */
		6A6ADF23275E1F3600AC6237 /* Resources */ = {
			isa = PBXResourcesBuildPhase;
			buildActionMask = 2147483647;
			files = (
				6A6ADF35275E1F3800AC6237 /* LaunchScreen.storyboard in Resources */,
				6A6ADF32275E1F3800AC6237 /* Assets.xcassets in Resources */,
				6A6ADF49275E258B00AC6237 /* close.png in Resources */,
				6A6ADF4E275E258B00AC6237 /* serieICO.jpg in Resources */,
				6A6ADF4C275E258B00AC6237 /* default_picture.jpg in Resources */,
				6A6ADF30275E1F3600AC6237 /* Main.storyboard in Resources */,
				6A6ADF4B275E258B00AC6237 /* SplashScreen.png in Resources */,
				6A6ADF4D275E258B00AC6237 /* HeaderImg.png in Resources */,
				6A6ADF4A275E258B00AC6237 /* playBtn.png in Resources */,
			);
			runOnlyForDeploymentPostprocessing = 0;
		};
		6A6ADF73275E362100AC6237 /* Resources */ = {
			isa = PBXResourcesBuildPhase;
			buildActionMask = 2147483647;
			files = (
			);
			runOnlyForDeploymentPostprocessing = 0;
		};
/* End PBXResourcesBuildPhase section */

/* Begin PBXSourcesBuildPhase section */
		6A6ADF21275E1F3600AC6237 /* Sources */ = {
			isa = PBXSourcesBuildPhase;
			buildActionMask = 2147483647;
			files = (
				6A6ADF6E275E2A3900AC6237 /* ProgrammeService.swift in Sources */,
				6A6ADF6A275E29B500AC6237 /* ApiAppUrls.swift in Sources */,
				6A6ADF64275E290200AC6237 /* ListProgrammesVC+Collection.swift in Sources */,
				6A6ADF50275E25F300AC6237 /* AppCoordinator.swift in Sources */,
				6A6ADF56275E26D900AC6237 /* ProgrammeModel.swift in Sources */,
				6A6ADF58275E26EB00AC6237 /* ListProgrammeModel.swift in Sources */,
				6A6ADF2D275E1F3600AC6237 /* SplashViewController.swift in Sources */,
				6A6ADF61275E28AC00AC6237 /* UIView.swift in Sources */,
				6A6ADF87275E417800AC6237 /* ProgrammeDetailsCoordinator.swift in Sources */,
				6A6ADF85275E414B00AC6237 /* ProgrammeDetailsVM.swift in Sources */,
				6A6ADF29275E1F3600AC6237 /* AppDelegate.swift in Sources */,
				6A6ADF8A275E41A900AC6237 /* ProgrammeDetailsVC.swift in Sources */,
				6A6ADF6C275E29E900AC6237 /* UIImageView.swift in Sources */,
				6A6ADF70275E2A5200AC6237 /* ProgrammeServiceProtocol.swift in Sources */,
				6A6ADF5F275E286300AC6237 /* ProgrammeCell.swift in Sources */,
				6A6ADF2B275E1F3600AC6237 /* SceneDelegate.swift in Sources */,
				6A6ADF5A275E275000AC6237 /* ListProgrammesVM.swift in Sources */,
				6A6ADF8C275E422C00AC6237 /* ProgrammeModelDetails.swift in Sources */,
				6A6ADF5C275E282D00AC6237 /* ListProgrammesVC.swift in Sources */,
				6A6ADF52275E261A00AC6237 /* SplashCoordinator.swift in Sources */,
				6A6ADF66275E291100AC6237 /* ListProgrammesVC+SearchBar.swift in Sources */,
				6A6ADF54275E268700AC6237 /* ProgrammeListCoordinator.swift in Sources */,
			);
			runOnlyForDeploymentPostprocessing = 0;
		};
		6A6ADF71275E362100AC6237 /* Sources */ = {
			isa = PBXSourcesBuildPhase;
			buildActionMask = 2147483647;
			files = (
				6A6ADF80275E364500AC6237 /* ProgrammeServicesMock.swift in Sources */,
				6A6ADF8F275E566F00AC6237 /* ProgrammeDetailsUseCase.swift in Sources */,
				6A6ADF83275E36C200AC6237 /* ListProgrammeUc.swift in Sources */,
			);
			runOnlyForDeploymentPostprocessing = 0;
		};
/* End PBXSourcesBuildPhase section */

/* Begin PBXTargetDependency section */
		6A6ADF7A275E362100AC6237 /* PBXTargetDependency */ = {
			isa = PBXTargetDependency;
			target = 6A6ADF24275E1F3600AC6237 /* OrangePTV */;
			targetProxy = 6A6ADF79275E362100AC6237 /* PBXContainerItemProxy */;
		};
/* End PBXTargetDependency section */

/* Begin PBXVariantGroup section */
		6A6ADF2E275E1F3600AC6237 /* Main.storyboard */ = {
			isa = PBXVariantGroup;
			children = (
				6A6ADF2F275E1F3600AC6237 /* Base */,
			);
			name = Main.storyboard;
			sourceTree = "<group>";
		};
		6A6ADF33275E1F3800AC6237 /* LaunchScreen.storyboard */ = {
			isa = PBXVariantGroup;
			children = (
				6A6ADF34275E1F3800AC6237 /* Base */,
			);
			name = LaunchScreen.storyboard;
			sourceTree = "<group>";
		};
/* End PBXVariantGroup section */

/* Begin XCBuildConfiguration section */
		6A6ADF37275E1F3800AC6237 /* Debug */ = {
			isa = XCBuildConfiguration;
			buildSettings = {
				ALWAYS_SEARCH_USER_PATHS = NO;
				CLANG_ANALYZER_NONNULL = YES;
				CLANG_ANALYZER_NUMBER_OBJECT_CONVERSION = YES_AGGRESSIVE;
				CLANG_CXX_LANGUAGE_STANDARD = "gnu++17";
				CLANG_CXX_LIBRARY = "libc++";
				CLANG_ENABLE_MODULES = YES;
				CLANG_ENABLE_OBJC_ARC = YES;
				CLANG_ENABLE_OBJC_WEAK = YES;
				CLANG_WARN_BLOCK_CAPTURE_AUTORELEASING = YES;
				CLANG_WARN_BOOL_CONVERSION = YES;
				CLANG_WARN_COMMA = YES;
				CLANG_WARN_CONSTANT_CONVERSION = YES;
				CLANG_WARN_DEPRECATED_OBJC_IMPLEMENTATIONS = YES;
				CLANG_WARN_DIRECT_OBJC_ISA_USAGE = YES_ERROR;
				CLANG_WARN_DOCUMENTATION_COMMENTS = YES;
				CLANG_WARN_EMPTY_BODY = YES;
				CLANG_WARN_ENUM_CONVERSION = YES;
				CLANG_WARN_INFINITE_RECURSION = YES;
				CLANG_WARN_INT_CONVERSION = YES;
				CLANG_WARN_NON_LITERAL_NULL_CONVERSION = YES;
				CLANG_WARN_OBJC_IMPLICIT_RETAIN_SELF = YES;
				CLANG_WARN_OBJC_LITERAL_CONVERSION = YES;
				CLANG_WARN_OBJC_ROOT_CLASS = YES_ERROR;
				CLANG_WARN_QUOTED_INCLUDE_IN_FRAMEWORK_HEADER = YES;
				CLANG_WARN_RANGE_LOOP_ANALYSIS = YES;
				CLANG_WARN_STRICT_PROTOTYPES = YES;
				CLANG_WARN_SUSPICIOUS_MOVE = YES;
				CLANG_WARN_UNGUARDED_AVAILABILITY = YES_AGGRESSIVE;
				CLANG_WARN_UNREACHABLE_CODE = YES;
				CLANG_WARN__DUPLICATE_METHOD_MATCH = YES;
				COPY_PHASE_STRIP = NO;
				DEBUG_INFORMATION_FORMAT = dwarf;
				ENABLE_STRICT_OBJC_MSGSEND = YES;
				ENABLE_TESTABILITY = YES;
				GCC_C_LANGUAGE_STANDARD = gnu11;
				GCC_DYNAMIC_NO_PIC = NO;
				GCC_NO_COMMON_BLOCKS = YES;
				GCC_OPTIMIZATION_LEVEL = 0;
				GCC_PREPROCESSOR_DEFINITIONS = (
					"DEBUG=1",
					"$(inherited)",
				);
				GCC_WARN_64_TO_32_BIT_CONVERSION = YES;
				GCC_WARN_ABOUT_RETURN_TYPE = YES_ERROR;
				GCC_WARN_UNDECLARED_SELECTOR = YES;
				GCC_WARN_UNINITIALIZED_AUTOS = YES_AGGRESSIVE;
				GCC_WARN_UNUSED_FUNCTION = YES;
				GCC_WARN_UNUSED_VARIABLE = YES;
				IPHONEOS_DEPLOYMENT_TARGET = 15.0;
				MTL_ENABLE_DEBUG_INFO = INCLUDE_SOURCE;
				MTL_FAST_MATH = YES;
				ONLY_ACTIVE_ARCH = YES;
				SDKROOT = iphoneos;
				SWIFT_ACTIVE_COMPILATION_CONDITIONS = DEBUG;
				SWIFT_OPTIMIZATION_LEVEL = "-Onone";
			};
			name = Debug;
		};
		6A6ADF38275E1F3800AC6237 /* Release */ = {
			isa = XCBuildConfiguration;
			buildSettings = {
				ALWAYS_SEARCH_USER_PATHS = NO;
				CLANG_ANALYZER_NONNULL = YES;
				CLANG_ANALYZER_NUMBER_OBJECT_CONVERSION = YES_AGGRESSIVE;
				CLANG_CXX_LANGUAGE_STANDARD = "gnu++17";
				CLANG_CXX_LIBRARY = "libc++";
				CLANG_ENABLE_MODULES = YES;
				CLANG_ENABLE_OBJC_ARC = YES;
				CLANG_ENABLE_OBJC_WEAK = YES;
				CLANG_WARN_BLOCK_CAPTURE_AUTORELEASING = YES;
				CLANG_WARN_BOOL_CONVERSION = YES;
				CLANG_WARN_COMMA = YES;
				CLANG_WARN_CONSTANT_CONVERSION = YES;
				CLANG_WARN_DEPRECATED_OBJC_IMPLEMENTATIONS = YES;
				CLANG_WARN_DIRECT_OBJC_ISA_USAGE = YES_ERROR;
				CLANG_WARN_DOCUMENTATION_COMMENTS = YES;
				CLANG_WARN_EMPTY_BODY = YES;
				CLANG_WARN_ENUM_CONVERSION = YES;
				CLANG_WARN_INFINITE_RECURSION = YES;
				CLANG_WARN_INT_CONVERSION = YES;
				CLANG_WARN_NON_LITERAL_NULL_CONVERSION = YES;
				CLANG_WARN_OBJC_IMPLICIT_RETAIN_SELF = YES;
				CLANG_WARN_OBJC_LITERAL_CONVERSION = YES;
				CLANG_WARN_OBJC_ROOT_CLASS = YES_ERROR;
				CLANG_WARN_QUOTED_INCLUDE_IN_FRAMEWORK_HEADER = YES;
				CLANG_WARN_RANGE_LOOP_ANALYSIS = YES;
				CLANG_WARN_STRICT_PROTOTYPES = YES;
				CLANG_WARN_SUSPICIOUS_MOVE = YES;
				CLANG_WARN_UNGUARDED_AVAILABILITY = YES_AGGRESSIVE;
				CLANG_WARN_UNREACHABLE_CODE = YES;
				CLANG_WARN__DUPLICATE_METHOD_MATCH = YES;
				COPY_PHASE_STRIP = NO;
				DEBUG_INFORMATION_FORMAT = "dwarf-with-dsym";
				ENABLE_NS_ASSERTIONS = NO;
				ENABLE_STRICT_OBJC_MSGSEND = YES;
				GCC_C_LANGUAGE_STANDARD = gnu11;
				GCC_NO_COMMON_BLOCKS = YES;
				GCC_WARN_64_TO_32_BIT_CONVERSION = YES;
				GCC_WARN_ABOUT_RETURN_TYPE = YES_ERROR;
				GCC_WARN_UNDECLARED_SELECTOR = YES;
				GCC_WARN_UNINITIALIZED_AUTOS = YES_AGGRESSIVE;
				GCC_WARN_UNUSED_FUNCTION = YES;
				GCC_WARN_UNUSED_VARIABLE = YES;
				IPHONEOS_DEPLOYMENT_TARGET = 15.0;
				MTL_ENABLE_DEBUG_INFO = NO;
				MTL_FAST_MATH = YES;
				SDKROOT = iphoneos;
				SWIFT_COMPILATION_MODE = wholemodule;
				SWIFT_OPTIMIZATION_LEVEL = "-O";
				VALIDATE_PRODUCT = YES;
			};
			name = Release;
		};
		6A6ADF3A275E1F3800AC6237 /* Debug */ = {
			isa = XCBuildConfiguration;
			buildSettings = {
				ASSETCATALOG_COMPILER_APPICON_NAME = AppIcon;
				ASSETCATALOG_COMPILER_GLOBAL_ACCENT_COLOR_NAME = AccentColor;
				CODE_SIGN_STYLE = Automatic;
				CURRENT_PROJECT_VERSION = 1;
				DEVELOPMENT_TEAM = SC9Z8N9H96;
				GENERATE_INFOPLIST_FILE = YES;
				INFOPLIST_FILE = OrangePTV/Info.plist;
				INFOPLIST_KEY_UIApplicationSupportsIndirectInputEvents = YES;
				INFOPLIST_KEY_UILaunchStoryboardName = LaunchScreen;
				INFOPLIST_KEY_UISupportedInterfaceOrientations_iPad = "UIInterfaceOrientationPortrait UIInterfaceOrientationPortraitUpsideDown UIInterfaceOrientationLandscapeLeft UIInterfaceOrientationLandscapeRight";
				INFOPLIST_KEY_UISupportedInterfaceOrientations_iPhone = "UIInterfaceOrientationPortrait UIInterfaceOrientationLandscapeLeft UIInterfaceOrientationLandscapeRight";
				LD_RUNPATH_SEARCH_PATHS = (
					"$(inherited)",
					"@executable_path/Frameworks",
				);
				MARKETING_VERSION = 1.0;
				PRODUCT_BUNDLE_IDENTIFIER = com.Ilahi.OrangePTV;
				PRODUCT_NAME = "$(TARGET_NAME)";
				SWIFT_EMIT_LOC_STRINGS = YES;
				SWIFT_VERSION = 5.0;
				TARGETED_DEVICE_FAMILY = "1,2";
			};
			name = Debug;
		};
		6A6ADF3B275E1F3800AC6237 /* Release */ = {
			isa = XCBuildConfiguration;
			buildSettings = {
				ASSETCATALOG_COMPILER_APPICON_NAME = AppIcon;
				ASSETCATALOG_COMPILER_GLOBAL_ACCENT_COLOR_NAME = AccentColor;
				CODE_SIGN_STYLE = Automatic;
				CURRENT_PROJECT_VERSION = 1;
				DEVELOPMENT_TEAM = SC9Z8N9H96;
				GENERATE_INFOPLIST_FILE = YES;
				INFOPLIST_FILE = OrangePTV/Info.plist;
				INFOPLIST_KEY_UIApplicationSupportsIndirectInputEvents = YES;
				INFOPLIST_KEY_UILaunchStoryboardName = LaunchScreen;
				INFOPLIST_KEY_UISupportedInterfaceOrientations_iPad = "UIInterfaceOrientationPortrait UIInterfaceOrientationPortraitUpsideDown UIInterfaceOrientationLandscapeLeft UIInterfaceOrientationLandscapeRight";
				INFOPLIST_KEY_UISupportedInterfaceOrientations_iPhone = "UIInterfaceOrientationPortrait UIInterfaceOrientationLandscapeLeft UIInterfaceOrientationLandscapeRight";
				LD_RUNPATH_SEARCH_PATHS = (
					"$(inherited)",
					"@executable_path/Frameworks",
				);
				MARKETING_VERSION = 1.0;
				PRODUCT_BUNDLE_IDENTIFIER = com.Ilahi.OrangePTV;
				PRODUCT_NAME = "$(TARGET_NAME)";
				SWIFT_EMIT_LOC_STRINGS = YES;
				SWIFT_VERSION = 5.0;
				TARGETED_DEVICE_FAMILY = "1,2";
			};
			name = Release;
		};
		6A6ADF7C275E362100AC6237 /* Debug */ = {
			isa = XCBuildConfiguration;
			buildSettings = {
				BUNDLE_LOADER = "$(TEST_HOST)";
				CODE_SIGN_STYLE = Automatic;
				CURRENT_PROJECT_VERSION = 1;
				DEVELOPMENT_TEAM = SC9Z8N9H96;
				GENERATE_INFOPLIST_FILE = YES;
				LD_RUNPATH_SEARCH_PATHS = (
					"$(inherited)",
					"@executable_path/Frameworks",
					"@loader_path/Frameworks",
				);
				MARKETING_VERSION = 1.0;
				PRODUCT_BUNDLE_IDENTIFIER = com.Ilahi.OrangePTVTests;
				PRODUCT_NAME = "$(TARGET_NAME)";
				SWIFT_EMIT_LOC_STRINGS = NO;
				SWIFT_VERSION = 5.0;
				TARGETED_DEVICE_FAMILY = "1,2";
				TEST_HOST = "$(BUILT_PRODUCTS_DIR)/OrangePTV.app/OrangePTV";
			};
			name = Debug;
		};
		6A6ADF7D275E362100AC6237 /* Release */ = {
			isa = XCBuildConfiguration;
			buildSettings = {
				BUNDLE_LOADER = "$(TEST_HOST)";
				CODE_SIGN_STYLE = Automatic;
				CURRENT_PROJECT_VERSION = 1;
				DEVELOPMENT_TEAM = SC9Z8N9H96;
				GENERATE_INFOPLIST_FILE = YES;
				LD_RUNPATH_SEARCH_PATHS = (
					"$(inherited)",
					"@executable_path/Frameworks",
					"@loader_path/Frameworks",
				);
				MARKETING_VERSION = 1.0;
				PRODUCT_BUNDLE_IDENTIFIER = com.Ilahi.OrangePTVTests;
				PRODUCT_NAME = "$(TARGET_NAME)";
				SWIFT_EMIT_LOC_STRINGS = NO;
				SWIFT_VERSION = 5.0;
				TARGETED_DEVICE_FAMILY = "1,2";
				TEST_HOST = "$(BUILT_PRODUCTS_DIR)/OrangePTV.app/OrangePTV";
			};
			name = Release;
		};
/* End XCBuildConfiguration section */

/* Begin XCConfigurationList section */
		6A6ADF20275E1F3600AC6237 /* Build configuration list for PBXProject "OrangePTV" */ = {
			isa = XCConfigurationList;
			buildConfigurations = (
				6A6ADF37275E1F3800AC6237 /* Debug */,
				6A6ADF38275E1F3800AC6237 /* Release */,
			);
			defaultConfigurationIsVisible = 0;
			defaultConfigurationName = Release;
		};
		6A6ADF39275E1F3800AC6237 /* Build configuration list for PBXNativeTarget "OrangePTV" */ = {
			isa = XCConfigurationList;
			buildConfigurations = (
				6A6ADF3A275E1F3800AC6237 /* Debug */,
				6A6ADF3B275E1F3800AC6237 /* Release */,
			);
			defaultConfigurationIsVisible = 0;
			defaultConfigurationName = Release;
		};
		6A6ADF7B275E362100AC6237 /* Build configuration list for PBXNativeTarget "OrangePTVTests" */ = {
			isa = XCConfigurationList;
			buildConfigurations = (
				6A6ADF7C275E362100AC6237 /* Debug */,
				6A6ADF7D275E362100AC6237 /* Release */,
			);
			defaultConfigurationIsVisible = 0;
			defaultConfigurationName = Release;
		};
/* End XCConfigurationList section */
	};
	rootObject = 6A6ADF1D275E1F3600AC6237 /* Project object */;
}
